
Microsoft Visual Studio Solution File, Format Version 12.00
# Visual Studio Version 17
VisualStudioVersion = 17.9.34616.47
MinimumVisualStudioVersion = 10.0.40219.1
Project("{8BC9CEB8-8B4A-11D0-8D11-00A0C91BC942}") = "UcpPemdasTerakhir", "UcpPemdasTerakhir\UcpPemdasTerakhir.vcxproj", "{EBE261C3-32F4-4047-A5B3-666E7DEB0570}"
EndProject
Global
	GlobalSection(SolutionConfigurationPlatforms) = preSolution
		Debug|x64 = Debug|x64
		Debug|x86 = Debug|x86
		Release|x64 = Release|x64
		Release|x86 = Release|x86
	EndGlobalSection
	GlobalSection(ProjectConfigurationPlatforms) = postSolution
		{EBE261C3-32F4-4047-A5B3-666E7DEB0570}.Debug|x64.ActiveCfg = Debug|x64
		{EBE261C3-32F4-4047-A5B3-666E7DEB0570}.Debug|x64.Build.0 = Debug|x64
		{EBE261C3-32F4-4047-A5B3-666E7DEB0570}.Debug|x86.ActiveCfg = Debug|Win32
		{EBE261C3-32F4-4047-A5B3-666E7DEB0570}.Debug|x86.Build.0 = Debug|Win32
		{EBE261C3-32F4-4047-A5B3-666E7DEB0570}.Release|x64.ActiveCfg = Release|x64
		{EBE261C3-32F4-4047-A5B3-666E7DEB0570}.Release|x64.Build.0 = Release|x64
		{EBE261C3-32F4-4047-A5B3-666E7DEB0570}.Release|x86.ActiveCfg = Release|Win32
		{EBE261C3-32F4-4047-A5B3-666E7DEB0570}.Release|x86.Build.0 = Release|Win32
	EndGlobalSection
	GlobalSection(SolutionProperties) = preSolution
		HideSolutionNode = FALSE
	EndGlobalSection
	GlobalSection(ExtensibilityGlobals) = postSolution
		SolutionGuid = {A4790DF8-51B4-4A87-B75A-C5F48778220B}
	EndGlobalSection
EndGlobal
